
Microsoft Visual Studio Solution File, Format Version 12.00
# Visual Studio Version 17
VisualStudioVersion = 17.6.33829.357
MinimumVisualStudioVersion = 10.0.40219.1
Project("{FAE04EC0-301F-11D3-BF4B-00C04F79EFBC}") = "FIT5032_MyCodeSnippet", "FIT5032_MyCodeSnippet\FIT5032_MyCodeSnippet.csproj", "{9B0628EA-C98D-4754-8A6F-6FFA6F51F558}"
EndProject
Global
	GlobalSection(SolutionConfigurationPlatforms) = preSolution
		Debug|Any CPU = Debug|Any CPU
		Release|Any CPU = Release|Any CPU
	EndGlobalSection
	GlobalSection(ProjectConfigurationPlatforms) = postSolution
		{9B0628EA-C98D-4754-8A6F-6FFA6F51F558}.Debug|Any CPU.ActiveCfg = Debug|Any CPU
		{9B0628EA-C98D-4754-8A6F-6FFA6F51F558}.Debug|Any CPU.Build.0 = Debug|Any CPU
		{9B0628EA-C98D-4754-8A6F-6FFA6F51F558}.Release|Any CPU.ActiveCfg = Release|Any CPU
		{9B0628EA-C98D-4754-8A6F-6FFA6F51F558}.Release|Any CPU.Build.0 = Release|Any CPU
	EndGlobalSection
	GlobalSection(SolutionProperties) = preSolution
		HideSolutionNode = FALSE
	EndGlobalSection
	GlobalSection(ExtensibilityGlobals) = postSolution
		SolutionGuid = {FF064DE4-12D8-458A-B825-B113075F14AA}
	EndGlobalSection
EndGlobal
